{
  "version": 4,
  "terraform_version": "1.14.4",
  "serial": 1,
  "lineage": "d3998577-dcdd-1513-6541-0e9599780318",
  "outputs": {
    "website_aliases": {
      "value": [
        "wi5-gate3-696505809372.net"
      ],
      "type": [
        "list",
        "string"
      ]
    }
  },
  "resources": [
    {
      "mode": "data",
      "type": "aws_s3_bucket",
      "name": "target",
      "provider": "provider[\"registry.terraform.io/hashicorp/aws\"]",
      "instances": [
        {
          "schema_version": 0,
          "attributes": {
            "arn": "arn:aws:s3:::security-autopilot-w6-envready-s311-review-696505809372",
            "bucket": "security-autopilot-w6-envready-s311-review-696505809372",
            "bucket_domain_name": "security-autopilot-w6-envready-s311-review-696505809372.s3.amazonaws.com",
            "bucket_regional_domain_name": "security-autopilot-w6-envready-s311-review-696505809372.s3.eu-north-1.amazonaws.com",
            "hosted_zone_id": "Z3BAZG2TWCNX0D",
            "id": "security-autopilot-w6-envready-s311-review-696505809372",
            "region": "eu-north-1",
            "website_domain": "s3-website.eu-north-1.amazonaws.com",
            "website_endpoint": "security-autopilot-w6-envready-s311-review-696505809372.s3-website.eu-north-1.amazonaws.com"
          },
          "sensitive_attributes": [],
          "identity_schema_version": 0
        }
      ]
    },
    {
      "mode": "managed",
      "type": "aws_cloudfront_origin_access_control",
      "name": "security_autopilot",
      "provider": "provider[\"registry.terraform.io/hashicorp/aws\"]",
      "instances": [
        {
          "schema_version": 0,
          "attributes": {
            "arn": "arn:aws:cloudfront::696505809372:origin-access-control/E2KRKT1B4DB50X",
            "description": "OAC for Security Autopilot website migration",
            "etag": "ETVPDKIKX0DER",
            "id": "E2KRKT1B4DB50X",
            "name": "security-autopilot-oac-b236edaa6862",
            "origin_access_control_origin_type": "s3",
            "signing_behavior": "always",
            "signing_protocol": "sigv4"
          },
          "sensitive_attributes": [],
          "identity_schema_version": 0,
          "private": "bnVsbA=="
        }
      ]
    }
  ],
  "check_results": null
}
