{
  "version": 4,
  "terraform_version": "1.14.4",
  "serial": 3,
  "lineage": "0cb3db80-7da0-ae12-2ad4-c4d3607280ff",
  "outputs": {},
  "resources": [
    {
      "mode": "managed",
      "type": "aws_cloudtrail",
      "name": "security_autopilot",
      "provider": "provider[\"registry.terraform.io/hashicorp/aws\"]",
      "instances": [
        {
          "schema_version": 1,
          "attributes": {
            "advanced_event_selector": [],
            "arn": "arn:aws:cloudtrail:eu-north-1:696505809372:trail/security-autopilot-trail",
            "cloud_watch_logs_group_arn": "",
            "cloud_watch_logs_role_arn": "",
            "enable_log_file_validation": false,
            "enable_logging": true,
            "event_selector": [],
            "home_region": "eu-north-1",
            "id": "arn:aws:cloudtrail:eu-north-1:696505809372:trail/security-autopilot-trail",
            "include_global_service_events": true,
            "insight_selector": [],
            "is_multi_region_trail": true,
            "is_organization_trail": false,
            "kms_key_id": "",
            "name": "security-autopilot-trail",
            "s3_bucket_name": "security-autopilot-w6-envready-cloudtrail-696505809372",
            "s3_key_prefix": "",
            "sns_topic_arn": "",
            "sns_topic_name": "",
            "tags": null,
            "tags_all": {}
          },
          "sensitive_attributes": [],
          "identity_schema_version": 0,
          "private": "eyJzY2hlbWFfdmVyc2lvbiI6IjEifQ==",
          "dependencies": [
            "null_resource.cloudtrail_bucket_policy"
          ]
        }
      ]
    },
    {
      "mode": "managed",
      "type": "null_resource",
      "name": "cloudtrail_bucket_policy",
      "provider": "provider[\"registry.terraform.io/hashicorp/null\"]",
      "instances": [
        {
          "index_key": 0,
          "schema_version": 0,
          "attributes": {
            "id": "1216862918833457017",
            "triggers": {
              "account_id": "696505809372",
              "remediation_region": "eu-north-1",
              "trail_bucket_name": "security-autopilot-w6-envready-cloudtrail-696505809372"
            }
          },
          "sensitive_attributes": [],
          "identity_schema_version": 0
        }
      ]
    }
  ],
  "check_results": null
}
