{
  "version": 4,
  "terraform_version": "1.14.4",
  "serial": 3,
  "lineage": "73849325-7d00-de5a-f99f-a655a5809f61",
  "outputs": {
    "bucket_name": {
      "value": "arch1-bucket-evidence-b1-029037611564-eu-north-1",
      "type": "string"
    }
  },
  "resources": [
    {
      "mode": "data",
      "type": "aws_s3_bucket",
      "name": "target",
      "provider": "provider[\"registry.terraform.io/hashicorp/aws\"]",
      "instances": [
        {
          "schema_version": 0,
          "attributes": {
            "arn": "arn:aws:s3:::arch1-bucket-evidence-b1-029037611564-eu-north-1",
            "bucket": "arch1-bucket-evidence-b1-029037611564-eu-north-1",
            "bucket_domain_name": "arch1-bucket-evidence-b1-029037611564-eu-north-1.s3.amazonaws.com",
            "bucket_region": "eu-north-1",
            "bucket_regional_domain_name": "arch1-bucket-evidence-b1-029037611564-eu-north-1.s3.eu-north-1.amazonaws.com",
            "hosted_zone_id": "Z3BAZG2TWCNX0D",
            "id": "arch1-bucket-evidence-b1-029037611564-eu-north-1",
            "region": "eu-north-1",
            "website_domain": null,
            "website_endpoint": null
          },
          "sensitive_attributes": [],
          "identity_schema_version": 0
        }
      ]
    },
    {
      "mode": "managed",
      "type": "aws_s3_bucket_public_access_block",
      "name": "security_autopilot",
      "provider": "provider[\"registry.terraform.io/hashicorp/aws\"]",
      "instances": [
        {
          "schema_version": 0,
          "attributes": {
            "block_public_acls": true,
            "block_public_policy": true,
            "bucket": "arch1-bucket-evidence-b1-029037611564-eu-north-1",
            "id": "arch1-bucket-evidence-b1-029037611564-eu-north-1",
            "ignore_public_acls": true,
            "region": "eu-north-1",
            "restrict_public_buckets": true,
            "skip_destroy": null
          },
          "sensitive_attributes": [],
          "identity_schema_version": 0,
          "identity": {
            "account_id": "029037611564",
            "bucket": "arch1-bucket-evidence-b1-029037611564-eu-north-1",
            "region": "eu-north-1"
          },
          "private": "bnVsbA==",
          "dependencies": [
            "data.aws_s3_bucket.target"
          ]
        }
      ]
    }
  ],
  "check_results": null
}
