{
  "version": 4,
  "terraform_version": "1.14.4",
  "serial": 1,
  "lineage": "b8a2e57e-15d2-4c98-2b00-4c06628ba8b1",
  "outputs": {},
  "resources": [
    {
      "mode": "managed",
      "type": "aws_s3_bucket_lifecycle_configuration",
      "name": "security_autopilot",
      "provider": "provider[\"registry.terraform.io/hashicorp/aws\"]",
      "instances": [
        {
          "schema_version": 1,
          "attributes": {
            "bucket": "security-autopilot-w6-envready-config-696505809372",
            "expected_bucket_owner": "",
            "id": "security-autopilot-w6-envready-config-696505809372",
            "region": "eu-north-1",
            "rule": [
              {
                "abort_incomplete_multipart_upload": [
                  {
                    "days_after_initiation": 7
                  }
                ],
                "expiration": [],
                "filter": [
                  {
                    "and": [],
                    "object_size_greater_than": null,
                    "object_size_less_than": null,
                    "prefix": "",
                    "tag": []
                  }
                ],
                "id": "security-autopilot-abort-incomplete-multipart",
                "noncurrent_version_expiration": [],
                "noncurrent_version_transition": [],
                "prefix": "",
                "status": "Enabled",
                "transition": []
              }
            ],
            "timeouts": null,
            "transition_default_minimum_object_size": "all_storage_classes_128K"
          },
          "sensitive_attributes": [],
          "identity_schema_version": 0,
          "identity": {
            "account_id": "696505809372",
            "bucket": "security-autopilot-w6-envready-config-696505809372",
            "region": "eu-north-1"
          }
        }
      ]
    }
  ],
  "check_results": null
}
