{
  "version": 4,
  "terraform_version": "1.14.4",
  "serial": 1,
  "lineage": "b169dc15-5e0f-3747-615b-64a1c83a5f33",
  "outputs": {},
  "resources": [
    {
      "mode": "managed",
      "type": "aws_s3_bucket_logging",
      "name": "security_autopilot",
      "provider": "provider[\"registry.terraform.io/hashicorp/aws\"]",
      "instances": [
        {
          "schema_version": 0,
          "attributes": {
            "bucket": "sa-live-d5-src-029037611564-0304014445",
            "expected_bucket_owner": "",
            "id": "sa-live-d5-src-029037611564-0304014445",
            "region": "eu-north-1",
            "target_bucket": "sa-live-d5-log-029037611564-0304014445",
            "target_grant": [],
            "target_object_key_format": [],
            "target_prefix": "s3-access-logs/"
          },
          "sensitive_attributes": [],
          "identity_schema_version": 1,
          "identity": {
            "account_id": "029037611564",
            "bucket": "sa-live-d5-src-029037611564-0304014445",
            "region": "eu-north-1"
          },
          "private": "bnVsbA=="
        }
      ]
    }
  ],
  "check_results": null
}
