{
  "version": 4,
  "terraform_version": "1.14.4",
  "serial": 6,
  "lineage": "0d2b566d-93b8-935a-783e-ad45bcb33f30",
  "outputs": {
    "bucket_name": {
      "value": "arch1-bucket-evidence-b1-029037611564-eu-north-1",
      "type": "string"
    },
    "cloudfront_distribution_id": {
      "value": "E1AIXA4UZHMWQJ",
      "type": "string"
    },
    "cloudfront_domain_name": {
      "value": "d1cqjgllcxvjrl.cloudfront.net",
      "type": "string"
    }
  },
  "resources": [
    {
      "mode": "data",
      "type": "aws_iam_policy_document",
      "name": "bucket_policy",
      "provider": "provider[\"registry.terraform.io/hashicorp/aws\"]",
      "instances": [
        {
          "schema_version": 0,
          "attributes": {
            "id": "1861272245",
            "json": "{\n  \"Version\": \"2012-10-17\",\n  \"Statement\": [\n    {\n      \"Sid\": \"AllowCrossAccountRead\",\n      \"Effect\": \"Allow\",\n      \"Action\": \"s3:GetObject\",\n      \"Resource\": \"arn:aws:s3:::arch1-bucket-evidence-b1-029037611564-eu-north-1/*\",\n      \"Principal\": {\n        \"AWS\": \"arn:aws:iam::029037611564:root\"\n      }\n    },\n    {\n      \"Sid\": \"AllowDataPipelinePutObject\",\n      \"Effect\": \"Allow\",\n      \"Action\": \"s3:PutObject\",\n      \"Resource\": \"arn:aws:s3:::arch1-bucket-evidence-b1-029037611564-eu-north-1/*\",\n      \"Principal\": {\n        \"AWS\": \"arn:aws:iam::029037611564:root\"\n      }\n    },\n    {\n      \"Sid\": \"AllowVpcScopedReadPath\",\n      \"Effect\": \"Allow\",\n      \"Action\": \"s3:GetObject\",\n      \"Resource\": \"arn:aws:s3:::arch1-bucket-evidence-b1-029037611564-eu-north-1/*\",\n      \"Principal\": \"*\",\n      \"Condition\": {\n        \"StringEquals\": {\n          \"aws:SourceVpc\": \"vpc-049294166c1c2fbd4\"\n        }\n      }\n    },\n    {\n      \"Sid\": \"AllowCloudFrontReadOnly\",\n      \"Effect\": \"Allow\",\n      \"Action\": \"s3:GetObject\",\n      \"Resource\": \"arn:aws:s3:::arch1-bucket-evidence-b1-029037611564-eu-north-1/*\",\n      \"Principal\": {\n        \"Service\": \"cloudfront.amazonaws.com\"\n      },\n      \"Condition\": {\n        \"StringEquals\": {\n          \"AWS:SourceArn\": \"arn:aws:cloudfront::029037611564:distribution/E1AIXA4UZHMWQJ\"\n        }\n      }\n    }\n  ]\n}",
            "minified_json": "{\"Version\":\"2012-10-17\",\"Statement\":[{\"Sid\":\"AllowCrossAccountRead\",\"Effect\":\"Allow\",\"Action\":\"s3:GetObject\",\"Resource\":\"arn:aws:s3:::arch1-bucket-evidence-b1-029037611564-eu-north-1/*\",\"Principal\":{\"AWS\":\"arn:aws:iam::029037611564:root\"}},{\"Sid\":\"AllowDataPipelinePutObject\",\"Effect\":\"Allow\",\"Action\":\"s3:PutObject\",\"Resource\":\"arn:aws:s3:::arch1-bucket-evidence-b1-029037611564-eu-north-1/*\",\"Principal\":{\"AWS\":\"arn:aws:iam::029037611564:root\"}},{\"Sid\":\"AllowVpcScopedReadPath\",\"Effect\":\"Allow\",\"Action\":\"s3:GetObject\",\"Resource\":\"arn:aws:s3:::arch1-bucket-evidence-b1-029037611564-eu-north-1/*\",\"Principal\":\"*\",\"Condition\":{\"StringEquals\":{\"aws:SourceVpc\":\"vpc-049294166c1c2fbd4\"}}},{\"Sid\":\"AllowCloudFrontReadOnly\",\"Effect\":\"Allow\",\"Action\":\"s3:GetObject\",\"Resource\":\"arn:aws:s3:::arch1-bucket-evidence-b1-029037611564-eu-north-1/*\",\"Principal\":{\"Service\":\"cloudfront.amazonaws.com\"},\"Condition\":{\"StringEquals\":{\"AWS:SourceArn\":\"arn:aws:cloudfront::029037611564:distribution/E1AIXA4UZHMWQJ\"}}}]}",
            "override_json": null,
            "override_policy_documents": null,
            "policy_id": null,
            "source_json": null,
            "source_policy_documents": [
              "{\"Statement\":[{\"Action\":\"s3:GetObject\",\"Effect\":\"Allow\",\"Principal\":{\"AWS\":\"arn:aws:iam::029037611564:root\"},\"Resource\":\"arn:aws:s3:::arch1-bucket-evidence-b1-029037611564-eu-north-1/*\",\"Sid\":\"AllowCrossAccountRead\"},{\"Action\":\"s3:PutObject\",\"Effect\":\"Allow\",\"Principal\":{\"AWS\":\"arn:aws:iam::029037611564:root\"},\"Resource\":\"arn:aws:s3:::arch1-bucket-evidence-b1-029037611564-eu-north-1/*\",\"Sid\":\"AllowDataPipelinePutObject\"},{\"Action\":\"s3:GetObject\",\"Condition\":{\"StringEquals\":{\"aws:SourceVpc\":\"vpc-049294166c1c2fbd4\"}},\"Effect\":\"Allow\",\"Principal\":\"*\",\"Resource\":\"arn:aws:s3:::arch1-bucket-evidence-b1-029037611564-eu-north-1/*\",\"Sid\":\"AllowVpcScopedReadPath\"},{\"Action\":\"s3:GetObject\",\"Condition\":{\"StringEquals\":{\"AWS:SourceArn\":\"arn:aws:cloudfront::029037611564:distribution/E15FEFESCALXCF\"}},\"Effect\":\"Allow\",\"Principal\":{\"Service\":\"cloudfront.amazonaws.com\"},\"Resource\":\"arn:aws:s3:::arch1-bucket-evidence-b1-029037611564-eu-north-1/*\",\"Sid\":\"AllowCloudFrontReadOnly\"}],\"Version\":\"2012-10-17\"}"
            ],
            "statement": [
              {
                "actions": [
                  "s3:GetObject"
                ],
                "condition": [
                  {
                    "test": "StringEquals",
                    "values": [
                      "arn:aws:cloudfront::029037611564:distribution/E1AIXA4UZHMWQJ"
                    ],
                    "variable": "AWS:SourceArn"
                  }
                ],
                "effect": "Allow",
                "not_actions": [],
                "not_principals": [],
                "not_resources": [],
                "principals": [
                  {
                    "identifiers": [
                      "cloudfront.amazonaws.com"
                    ],
                    "type": "Service"
                  }
                ],
                "resources": [
                  "arn:aws:s3:::arch1-bucket-evidence-b1-029037611564-eu-north-1/*"
                ],
                "sid": "AllowCloudFrontReadOnly"
              }
            ],
            "version": "2012-10-17"
          },
          "sensitive_attributes": [],
          "identity_schema_version": 0
        }
      ]
    },
    {
      "mode": "data",
      "type": "aws_s3_bucket",
      "name": "target",
      "provider": "provider[\"registry.terraform.io/hashicorp/aws\"]",
      "instances": [
        {
          "schema_version": 0,
          "attributes": {
            "arn": "arn:aws:s3:::arch1-bucket-evidence-b1-029037611564-eu-north-1",
            "bucket": "arch1-bucket-evidence-b1-029037611564-eu-north-1",
            "bucket_domain_name": "arch1-bucket-evidence-b1-029037611564-eu-north-1.s3.amazonaws.com",
            "bucket_region": "eu-north-1",
            "bucket_regional_domain_name": "arch1-bucket-evidence-b1-029037611564-eu-north-1.s3.eu-north-1.amazonaws.com",
            "hosted_zone_id": "Z3BAZG2TWCNX0D",
            "id": "arch1-bucket-evidence-b1-029037611564-eu-north-1",
            "region": "eu-north-1",
            "website_domain": null,
            "website_endpoint": null
          },
          "sensitive_attributes": [],
          "identity_schema_version": 0
        }
      ]
    },
    {
      "mode": "managed",
      "type": "aws_cloudfront_distribution",
      "name": "security_autopilot",
      "provider": "provider[\"registry.terraform.io/hashicorp/aws\"]",
      "instances": [
        {
          "schema_version": 1,
          "attributes": {
            "aliases": null,
            "anycast_ip_list_id": "",
            "arn": "arn:aws:cloudfront::029037611564:distribution/E1AIXA4UZHMWQJ",
            "caller_reference": "terraform-20260301191601983800000001",
            "comment": "Security Autopilot migration for arch1-bucket-evidence-b1-029037611564-eu-north-1",
            "connection_function_association": [],
            "continuous_deployment_policy_id": "",
            "custom_error_response": [],
            "default_cache_behavior": [
              {
                "allowed_methods": [
                  "GET",
                  "HEAD",
                  "OPTIONS"
                ],
                "cache_policy_id": "658327ea-f89d-4fab-a63d-7e88639e58f6",
                "cached_methods": [
                  "GET",
                  "HEAD",
                  "OPTIONS"
                ],
                "compress": true,
                "default_ttl": 0,
                "field_level_encryption_id": "",
                "forwarded_values": [],
                "function_association": [],
                "grpc_config": [
                  {
                    "enabled": false
                  }
                ],
                "lambda_function_association": [],
                "max_ttl": 0,
                "min_ttl": 0,
                "origin_request_policy_id": "88a5eaf4-2fd4-4709-b370-b4c650ea3fcf",
                "realtime_log_config_arn": "",
                "response_headers_policy_id": "",
                "smooth_streaming": false,
                "target_origin_id": "s3-arch1-bucket-evidence-b1-029037611564-eu-north-1",
                "trusted_key_groups": [],
                "trusted_signers": [],
                "viewer_protocol_policy": "redirect-to-https"
              }
            ],
            "default_root_object": "index.html",
            "domain_name": "d1cqjgllcxvjrl.cloudfront.net",
            "enabled": true,
            "etag": "E23ZP02F085DFQ",
            "hosted_zone_id": "Z2FDTNDATAQYW2",
            "http_version": "http2",
            "id": "E1AIXA4UZHMWQJ",
            "in_progress_validation_batches": 0,
            "is_ipv6_enabled": true,
            "last_modified_time": "2026-03-01 19:16:02.39 +0000 UTC",
            "logging_config": [],
            "logging_v1_enabled": false,
            "ordered_cache_behavior": [],
            "origin": [
              {
                "connection_attempts": 3,
                "connection_timeout": 10,
                "custom_header": [],
                "custom_origin_config": [],
                "domain_name": "arch1-bucket-evidence-b1-029037611564-eu-north-1.s3.eu-north-1.amazonaws.com",
                "origin_access_control_id": "E2MAQV09ILKQ8V",
                "origin_id": "s3-arch1-bucket-evidence-b1-029037611564-eu-north-1",
                "origin_path": "",
                "origin_shield": [],
                "response_completion_timeout": 0,
                "s3_origin_config": [],
                "vpc_origin_config": []
              }
            ],
            "origin_group": [],
            "price_class": "PriceClass_100",
            "restrictions": [
              {
                "geo_restriction": [
                  {
                    "locations": [],
                    "restriction_type": "none"
                  }
                ]
              }
            ],
            "retain_on_delete": false,
            "staging": false,
            "status": "Deployed",
            "tags": null,
            "tags_all": {},
            "trusted_key_groups": [
              {
                "enabled": false,
                "items": []
              }
            ],
            "trusted_signers": [
              {
                "enabled": false,
                "items": []
              }
            ],
            "viewer_certificate": [
              {
                "acm_certificate_arn": "",
                "cloudfront_default_certificate": true,
                "iam_certificate_id": "",
                "minimum_protocol_version": "TLSv1",
                "ssl_support_method": ""
              }
            ],
            "viewer_mtls_config": [],
            "wait_for_deployment": true,
            "web_acl_id": ""
          },
          "sensitive_attributes": [],
          "identity_schema_version": 0,
          "private": "eyJzY2hlbWFfdmVyc2lvbiI6IjEifQ==",
          "dependencies": [
            "aws_cloudfront_origin_access_control.security_autopilot",
            "data.aws_s3_bucket.target"
          ]
        }
      ]
    },
    {
      "mode": "managed",
      "type": "aws_cloudfront_origin_access_control",
      "name": "security_autopilot",
      "provider": "provider[\"registry.terraform.io/hashicorp/aws\"]",
      "instances": [
        {
          "schema_version": 0,
          "attributes": {
            "arn": "arn:aws:cloudfront::029037611564:origin-access-control/E2MAQV09ILKQ8V",
            "description": "OAC for Security Autopilot remediation",
            "etag": "ETVPDKIKX0DER",
            "id": "E2MAQV09ILKQ8V",
            "name": "security-autopilot-oac-306dd40255dc",
            "origin_access_control_origin_type": "s3",
            "signing_behavior": "always",
            "signing_protocol": "sigv4"
          },
          "sensitive_attributes": [],
          "identity_schema_version": 0,
          "private": "bnVsbA=="
        }
      ]
    },
    {
      "mode": "managed",
      "type": "aws_s3_bucket_policy",
      "name": "security_autopilot",
      "provider": "provider[\"registry.terraform.io/hashicorp/aws\"]",
      "instances": [
        {
          "schema_version": 0,
          "attributes": {
            "bucket": "arch1-bucket-evidence-b1-029037611564-eu-north-1",
            "id": "arch1-bucket-evidence-b1-029037611564-eu-north-1",
            "policy": "{\"Statement\":[{\"Action\":\"s3:GetObject\",\"Effect\":\"Allow\",\"Principal\":{\"AWS\":\"arn:aws:iam::029037611564:root\"},\"Resource\":\"arn:aws:s3:::arch1-bucket-evidence-b1-029037611564-eu-north-1/*\",\"Sid\":\"AllowCrossAccountRead\"},{\"Action\":\"s3:PutObject\",\"Effect\":\"Allow\",\"Principal\":{\"AWS\":\"arn:aws:iam::029037611564:root\"},\"Resource\":\"arn:aws:s3:::arch1-bucket-evidence-b1-029037611564-eu-north-1/*\",\"Sid\":\"AllowDataPipelinePutObject\"},{\"Action\":\"s3:GetObject\",\"Condition\":{\"StringEquals\":{\"aws:SourceVpc\":\"vpc-049294166c1c2fbd4\"}},\"Effect\":\"Allow\",\"Principal\":\"*\",\"Resource\":\"arn:aws:s3:::arch1-bucket-evidence-b1-029037611564-eu-north-1/*\",\"Sid\":\"AllowVpcScopedReadPath\"},{\"Action\":\"s3:GetObject\",\"Condition\":{\"StringEquals\":{\"AWS:SourceArn\":\"arn:aws:cloudfront::029037611564:distribution/E1AIXA4UZHMWQJ\"}},\"Effect\":\"Allow\",\"Principal\":{\"Service\":\"cloudfront.amazonaws.com\"},\"Resource\":\"arn:aws:s3:::arch1-bucket-evidence-b1-029037611564-eu-north-1/*\",\"Sid\":\"AllowCloudFrontReadOnly\"}],\"Version\":\"2012-10-17\"}",
            "region": "eu-north-1"
          },
          "sensitive_attributes": [],
          "identity_schema_version": 0,
          "identity": {
            "account_id": "029037611564",
            "bucket": "arch1-bucket-evidence-b1-029037611564-eu-north-1",
            "region": "eu-north-1"
          },
          "private": "bnVsbA==",
          "dependencies": [
            "aws_cloudfront_distribution.security_autopilot",
            "aws_cloudfront_origin_access_control.security_autopilot",
            "data.aws_iam_policy_document.bucket_policy",
            "data.aws_s3_bucket.target"
          ]
        }
      ]
    },
    {
      "mode": "managed",
      "type": "aws_s3_bucket_public_access_block",
      "name": "security_autopilot",
      "provider": "provider[\"registry.terraform.io/hashicorp/aws\"]",
      "instances": [
        {
          "schema_version": 0,
          "attributes": {
            "block_public_acls": true,
            "block_public_policy": true,
            "bucket": "arch1-bucket-evidence-b1-029037611564-eu-north-1",
            "id": "arch1-bucket-evidence-b1-029037611564-eu-north-1",
            "ignore_public_acls": true,
            "region": "eu-north-1",
            "restrict_public_buckets": true,
            "skip_destroy": null
          },
          "sensitive_attributes": [],
          "identity_schema_version": 0,
          "identity": {
            "account_id": "029037611564",
            "bucket": "arch1-bucket-evidence-b1-029037611564-eu-north-1",
            "region": "eu-north-1"
          },
          "private": "bnVsbA==",
          "dependencies": [
            "data.aws_s3_bucket.target"
          ]
        }
      ]
    }
  ],
  "check_results": null
}
