{
  "version": 4,
  "terraform_version": "1.14.4",
  "serial": 1,
  "lineage": "3a2e226f-3481-ae24-dc38-d4d5cf7e7eba",
  "outputs": {},
  "resources": [
    {
      "mode": "managed",
      "type": "aws_s3_bucket_public_access_block",
      "name": "security_autopilot",
      "provider": "provider[\"registry.terraform.io/hashicorp/aws\"]",
      "instances": [
        {
          "schema_version": 0,
          "attributes": {
            "block_public_acls": true,
            "block_public_policy": true,
            "bucket": "arch1-bucket-evidence-b1-029037611564-eu-north-1",
            "id": "arch1-bucket-evidence-b1-029037611564-eu-north-1",
            "ignore_public_acls": true,
            "region": "eu-north-1",
            "restrict_public_buckets": true,
            "skip_destroy": null
          },
          "sensitive_attributes": [],
          "identity_schema_version": 0,
          "identity": {
            "account_id": "029037611564",
            "bucket": "arch1-bucket-evidence-b1-029037611564-eu-north-1",
            "region": "eu-north-1"
          },
          "private": "bnVsbA=="
        }
      ]
    }
  ],
  "check_results": null
}
