{
  "version": 4,
  "terraform_version": "1.14.4",
  "serial": 1,
  "lineage": "721ac36a-9574-7591-2654-2b1db7726b31",
  "outputs": {},
  "resources": [
    {
      "mode": "managed",
      "type": "aws_ssm_service_setting",
      "name": "security_autopilot",
      "provider": "provider[\"registry.terraform.io/hashicorp/aws\"]",
      "instances": [
        {
          "schema_version": 0,
          "attributes": {
            "arn": "arn:aws:ssm:us-east-1:696505809372:servicesetting/ssm/documents/console/public-sharing-permission",
            "id": "arn:aws:ssm:us-east-1:696505809372:servicesetting/ssm/documents/console/public-sharing-permission",
            "setting_id": "arn:aws:ssm:us-east-1:696505809372:servicesetting/ssm/documents/console/public-sharing-permission",
            "setting_value": "Disable",
            "status": "Customized"
          },
          "sensitive_attributes": [],
          "identity_schema_version": 0,
          "private": "bnVsbA=="
        }
      ]
    }
  ],
  "check_results": null
}
