{
  "version": 4,
  "terraform_version": "1.14.4",
  "serial": 3,
  "lineage": "d604ffb4-3395-f356-da8b-828c3a559257",
  "outputs": {
    "removed_statement_count": {
      "value": 1,
      "type": "number"
    },
    "removed_statement_identifiers": {
      "value": [
        "AllowPublicReadForGate3WI10"
      ],
      "type": [
        "tuple",
        [
          "string"
        ]
      ]
    }
  },
  "resources": [
    {
      "mode": "data",
      "type": "aws_s3_bucket_policy",
      "name": "existing",
      "provider": "provider[\"registry.terraform.io/hashicorp/aws\"]",
      "instances": [
        {
          "schema_version": 0,
          "attributes": {
            "bucket": "sa-wi13-14-nopolicy-696505809372-20260328201935",
            "id": "sa-wi13-14-nopolicy-696505809372-20260328201935",
            "policy": "{\"Statement\":[{\"Action\":\"s3:GetObject\",\"Effect\":\"Allow\",\"Principal\":\"*\",\"Resource\":\"arn:aws:s3:::sa-wi13-14-nopolicy-696505809372-20260328201935/*\",\"Sid\":\"AllowPublicReadForGate3WI10\"}],\"Version\":\"2012-10-17\"}"
          },
          "sensitive_attributes": [],
          "identity_schema_version": 0
        }
      ]
    },
    {
      "mode": "managed",
      "type": "aws_s3_bucket_public_access_block",
      "name": "security_autopilot",
      "provider": "provider[\"registry.terraform.io/hashicorp/aws\"]",
      "instances": [
        {
          "schema_version": 0,
          "attributes": {
            "block_public_acls": true,
            "block_public_policy": true,
            "bucket": "sa-wi13-14-nopolicy-696505809372-20260328201935",
            "id": "sa-wi13-14-nopolicy-696505809372-20260328201935",
            "ignore_public_acls": true,
            "restrict_public_buckets": true
          },
          "sensitive_attributes": [],
          "identity_schema_version": 0,
          "private": "bnVsbA==",
          "dependencies": [
            "aws_s3_bucket_policy.security_autopilot",
            "data.aws_s3_bucket_policy.existing",
            "terraform_data.delete_bucket_policy"
          ]
        }
      ]
    },
    {
      "mode": "managed",
      "type": "terraform_data",
      "name": "delete_bucket_policy",
      "provider": "provider[\"terraform.io/builtin/terraform\"]",
      "instances": [
        {
          "index_key": 0,
          "schema_version": 0,
          "attributes": {
            "id": "7c9a4386-b8f1-baa9-53f6-7871a15a2a14",
            "input": null,
            "output": null,
            "triggers_replace": {
              "value": {
                "bucket_name": "sa-wi13-14-nopolicy-696505809372-20260328201935",
                "scrubbed_policy_sha256": "a48803b796029b4ad945f4aec0d1641ad8dcabcb95df2ec87594ffcb95d0eeb8"
              },
              "type": [
                "object",
                {
                  "bucket_name": "string",
                  "scrubbed_policy_sha256": "string"
                }
              ]
            }
          },
          "sensitive_attributes": [],
          "identity_schema_version": 0,
          "dependencies": [
            "data.aws_s3_bucket_policy.existing"
          ]
        }
      ]
    }
  ],
  "check_results": null
}
