{
  "version": 4,
  "terraform_version": "1.14.4",
  "serial": 18,
  "lineage": "42ede8bf-e5ca-4272-8da8-8ab82433cf2c",
  "outputs": {},
  "resources": [
    {
      "mode": "managed",
      "type": "aws_s3_bucket",
      "name": "cloudtrail_logs",
      "provider": "provider[\"registry.terraform.io/hashicorp/aws\"]",
      "instances": [
        {
          "index_key": 0,
          "schema_version": 0,
          "attributes": {
            "acceleration_status": "",
            "acl": null,
            "arn": "arn:aws:s3:::ocypheris-live-ct-20260328t181200z-eu-north-1",
            "bucket": "ocypheris-live-ct-20260328t181200z-eu-north-1",
            "bucket_domain_name": "ocypheris-live-ct-20260328t181200z-eu-north-1.s3.amazonaws.com",
            "bucket_prefix": "",
            "bucket_regional_domain_name": "ocypheris-live-ct-20260328t181200z-eu-north-1.s3.eu-north-1.amazonaws.com",
            "cors_rule": [],
            "force_destroy": false,
            "grant": [
              {
                "id": "2d735bbb71d4146170966dc3fa559ad48e4a2ce47d9aadccfc95d721c99c4bdc",
                "permissions": [
                  "FULL_CONTROL"
                ],
                "type": "CanonicalUser",
                "uri": ""
              }
            ],
            "hosted_zone_id": "Z3BAZG2TWCNX0D",
            "id": "ocypheris-live-ct-20260328t181200z-eu-north-1",
            "lifecycle_rule": [
              {
                "abort_incomplete_multipart_upload_days": 7,
                "enabled": true,
                "expiration": [],
                "id": "abort-incomplete-multipart",
                "noncurrent_version_expiration": [],
                "noncurrent_version_transition": [],
                "prefix": "",
                "tags": {},
                "transition": []
              }
            ],
            "logging": [],
            "object_lock_configuration": [],
            "object_lock_enabled": false,
            "policy": "{\"Statement\":[{\"Action\":\"s3:GetBucketAcl\",\"Effect\":\"Allow\",\"Principal\":{\"Service\":\"cloudtrail.amazonaws.com\"},\"Resource\":\"arn:aws:s3:::ocypheris-live-ct-20260328t181200z-eu-north-1\",\"Sid\":\"AWSCloudTrailAclCheck\"},{\"Action\":\"s3:PutObject\",\"Condition\":{\"StringEquals\":{\"s3:x-amz-acl\":\"bucket-owner-full-control\"}},\"Effect\":\"Allow\",\"Principal\":{\"Service\":\"cloudtrail.amazonaws.com\"},\"Resource\":\"arn:aws:s3:::ocypheris-live-ct-20260328t181200z-eu-north-1/AWSLogs/696505809372/CloudTrail/*\",\"Sid\":\"AWSCloudTrailWrite\"},{\"Action\":\"s3:*\",\"Condition\":{\"Bool\":{\"aws:SecureTransport\":\"false\"}},\"Effect\":\"Deny\",\"Principal\":\"*\",\"Resource\":[\"arn:aws:s3:::ocypheris-live-ct-20260328t181200z-eu-north-1/*\",\"arn:aws:s3:::ocypheris-live-ct-20260328t181200z-eu-north-1\"],\"Sid\":\"DenyInsecureTransport\"}],\"Version\":\"2012-10-17\"}",
            "region": "eu-north-1",
            "replication_configuration": [],
            "request_payer": "BucketOwner",
            "server_side_encryption_configuration": [
              {
                "rule": [
                  {
                    "apply_server_side_encryption_by_default": [
                      {
                        "kms_master_key_id": "alias/aws/s3",
                        "sse_algorithm": "aws:kms"
                      }
                    ],
                    "bucket_key_enabled": true
                  }
                ]
              }
            ],
            "tags": {},
            "tags_all": {},
            "timeouts": null,
            "versioning": [
              {
                "enabled": true,
                "mfa_delete": false
              }
            ],
            "website": [],
            "website_domain": null,
            "website_endpoint": null
          },
          "sensitive_attributes": [],
          "identity_schema_version": 0,
          "private": "eyJlMmJmYjczMC1lY2FhLTExZTYtOGY4OC0zNDM2M2JjN2M0YzAiOnsiY3JlYXRlIjoxMjAwMDAwMDAwMDAwLCJkZWxldGUiOjM2MDAwMDAwMDAwMDAsInJlYWQiOjEyMDAwMDAwMDAwMDAsInVwZGF0ZSI6MTIwMDAwMDAwMDAwMH19"
        }
      ]
    }
  ],
  "check_results": null
}
