{
  "version": 4,
  "terraform_version": "1.14.4",
  "serial": 1,
  "lineage": "c4814c1b-e74a-4b84-6b3a-1ca599932cc3",
  "outputs": {},
  "resources": [
    {
      "mode": "managed",
      "type": "aws_s3_bucket_server_side_encryption_configuration",
      "name": "security_autopilot",
      "provider": "provider[\"registry.terraform.io/hashicorp/aws\"]",
      "instances": [
        {
          "schema_version": 0,
          "attributes": {
            "bucket": "config-bucket-696505809372",
            "expected_bucket_owner": "",
            "id": "config-bucket-696505809372",
            "region": "eu-north-1",
            "rule": [
              {
                "apply_server_side_encryption_by_default": [
                  {
                    "kms_master_key_id": "arn:aws:kms:eu-north-1:696505809372:alias/aws/s3",
                    "sse_algorithm": "aws:kms"
                  }
                ],
                "blocked_encryption_types": [],
                "bucket_key_enabled": true
              }
            ]
          },
          "sensitive_attributes": [],
          "identity_schema_version": 1,
          "identity": {
            "account_id": "696505809372",
            "bucket": "config-bucket-696505809372",
            "region": "eu-north-1"
          },
          "private": "bnVsbA=="
        }
      ]
    }
  ],
  "check_results": null
}
