{
  "version": 4,
  "terraform_version": "1.14.4",
  "serial": 3,
  "lineage": "4e6fdb7d-ad45-80fa-b608-f09e1bc1efb0",
  "outputs": {},
  "resources": [
    {
      "mode": "managed",
      "type": "aws_cloudtrail",
      "name": "security_autopilot",
      "provider": "provider[\"registry.terraform.io/hashicorp/aws\"]",
      "instances": [
        {
          "schema_version": 1,
          "attributes": {
            "advanced_event_selector": [],
            "arn": "arn:aws:cloudtrail:eu-north-1:029037611564:trail/security-autopilot-trail",
            "cloud_watch_logs_group_arn": "",
            "cloud_watch_logs_role_arn": "",
            "enable_log_file_validation": false,
            "enable_logging": true,
            "event_selector": [],
            "home_region": "eu-north-1",
            "id": "arn:aws:cloudtrail:eu-north-1:029037611564:trail/security-autopilot-trail",
            "include_global_service_events": true,
            "insight_selector": [],
            "is_multi_region_trail": true,
            "is_organization_trail": false,
            "kms_key_id": "",
            "name": "security-autopilot-trail",
            "region": "eu-north-1",
            "s3_bucket_name": "phase2-live-c2-c2-trail-234636z-029037611564",
            "s3_key_prefix": "",
            "sns_topic_arn": "",
            "sns_topic_name": "",
            "tags": null,
            "tags_all": {}
          },
          "sensitive_attributes": [],
          "identity_schema_version": 0,
          "identity": {
            "arn": "arn:aws:cloudtrail:eu-north-1:029037611564:trail/security-autopilot-trail"
          },
          "private": "eyJzY2hlbWFfdmVyc2lvbiI6IjEifQ==",
          "dependencies": [
            "null_resource.cloudtrail_bucket_policy"
          ]
        }
      ]
    },
    {
      "mode": "managed",
      "type": "null_resource",
      "name": "cloudtrail_bucket_policy",
      "provider": "provider[\"registry.terraform.io/hashicorp/null\"]",
      "instances": [
        {
          "index_key": 0,
          "schema_version": 0,
          "attributes": {
            "id": "731749260948558410",
            "triggers": {
              "account_id": "029037611564",
              "remediation_region": "eu-north-1",
              "trail_bucket_name": "phase2-live-c2-c2-trail-234636z-029037611564"
            }
          },
          "sensitive_attributes": [],
          "identity_schema_version": 0
        }
      ]
    }
  ],
  "check_results": null
}
