{
  "version": 4,
  "terraform_version": "1.14.4",
  "serial": 4,
  "lineage": "4fe94168-04c0-707f-29d0-83be80e234a0",
  "outputs": {},
  "resources": [
    {
      "mode": "managed",
      "type": "aws_vpc_security_group_ingress_rule",
      "name": "rdp_restricted",
      "provider": "provider[\"registry.terraform.io/hashicorp/aws\"]",
      "instances": [
        {
          "schema_version": 0,
          "attributes": {
            "arn": "arn:aws:ec2:eu-north-1:696505809372:security-group-rule/sgr-06653f35fcc209164",
            "cidr_ipv4": "10.0.0.0/8",
            "cidr_ipv6": null,
            "description": "RDP from allowed CIDR - Security Autopilot",
            "from_port": 3389,
            "id": "sgr-06653f35fcc209164",
            "ip_protocol": "tcp",
            "prefix_list_id": null,
            "referenced_security_group_id": null,
            "region": "eu-north-1",
            "security_group_id": "sg-06f6252fa8a95b61d",
            "security_group_rule_id": "sgr-06653f35fcc209164",
            "tags": null,
            "tags_all": {},
            "to_port": 3389
          },
          "sensitive_attributes": [],
          "identity_schema_version": 0,
          "identity": {
            "account_id": "696505809372",
            "id": "sgr-06653f35fcc209164",
            "region": "eu-north-1"
          },
          "dependencies": [
            "null_resource.revoke_public_admin_ingress"
          ]
        }
      ]
    },
    {
      "mode": "managed",
      "type": "aws_vpc_security_group_ingress_rule",
      "name": "ssh_restricted",
      "provider": "provider[\"registry.terraform.io/hashicorp/aws\"]",
      "instances": [
        {
          "schema_version": 0,
          "attributes": {
            "arn": "arn:aws:ec2:eu-north-1:696505809372:security-group-rule/sgr-004884cffa63fd4e2",
            "cidr_ipv4": "10.0.0.0/8",
            "cidr_ipv6": null,
            "description": "SSH from allowed CIDR - Security Autopilot",
            "from_port": 22,
            "id": "sgr-004884cffa63fd4e2",
            "ip_protocol": "tcp",
            "prefix_list_id": null,
            "referenced_security_group_id": null,
            "region": "eu-north-1",
            "security_group_id": "sg-06f6252fa8a95b61d",
            "security_group_rule_id": "sgr-004884cffa63fd4e2",
            "tags": null,
            "tags_all": {},
            "to_port": 22
          },
          "sensitive_attributes": [],
          "identity_schema_version": 0,
          "identity": {
            "account_id": "696505809372",
            "id": "sgr-004884cffa63fd4e2",
            "region": "eu-north-1"
          },
          "dependencies": [
            "null_resource.revoke_public_admin_ingress"
          ]
        }
      ]
    },
    {
      "mode": "managed",
      "type": "null_resource",
      "name": "revoke_public_admin_ingress",
      "provider": "provider[\"registry.terraform.io/hashicorp/null\"]",
      "instances": [
        {
          "index_key": 0,
          "schema_version": 0,
          "attributes": {
            "id": "6882278683266221881",
            "triggers": {
              "allowed_cidr": "10.0.0.0/8",
              "allowed_cidr_ipv6": "",
              "region": "eu-north-1",
              "security_group_id": "sg-06f6252fa8a95b61d"
            }
          },
          "sensitive_attributes": [],
          "identity_schema_version": 0
        }
      ]
    }
  ],
  "check_results": null
}
