{
  "version": 4,
  "terraform_version": "1.14.4",
  "serial": 6,
  "lineage": "56c5451e-fa58-fe48-c80f-d9b1b20dd7c6",
  "outputs": {
    "bucket_name": {
      "value": "security-autopilot-w6-envready-s315-exec-696505809372",
      "type": "string"
    },
    "cloudfront_distribution_id": {
      "value": "E92C5MQW0HX32",
      "type": "string"
    },
    "cloudfront_domain_name": {
      "value": "d2ucx8cl7am51u.cloudfront.net",
      "type": "string"
    }
  },
  "resources": [
    {
      "mode": "data",
      "type": "aws_iam_policy_document",
      "name": "bucket_policy",
      "provider": "provider[\"registry.terraform.io/hashicorp/aws\"]",
      "instances": [
        {
          "schema_version": 0,
          "attributes": {
            "id": "4040473350",
            "json": "{\n  \"Version\": \"2012-10-17\",\n  \"Statement\": [\n    {\n      \"Sid\": \"AllowImportRoleBucketReadinessChecks\",\n      \"Effect\": \"Allow\",\n      \"Action\": [\n        \"s3:ListBucket\",\n        \"s3:GetBucketAcl\",\n        \"s3:GetBucketLocation\",\n        \"s3:GetBucketLogging\",\n        \"s3:GetBucketPolicy\",\n        \"s3:GetBucketPolicyStatus\",\n        \"s3:GetBucketWebsite\",\n        \"s3:GetLifecycleConfiguration\",\n        \"s3:GetEncryptionConfiguration\"\n      ],\n      \"Resource\": \"arn:aws:s3:::security-autopilot-w6-envready-s315-exec-696505809372\",\n      \"Principal\": {\n        \"AWS\": \"arn:aws:iam::696505809372:role/CodexP2SecurityHubImportRole\"\n      }\n    },\n    {\n      \"Sid\": \"DenyInsecureTransport\",\n      \"Effect\": \"Deny\",\n      \"Action\": \"s3:*\",\n      \"Resource\": [\n        \"arn:aws:s3:::security-autopilot-w6-envready-s315-exec-696505809372/*\",\n        \"arn:aws:s3:::security-autopilot-w6-envready-s315-exec-696505809372\"\n      ],\n      \"Principal\": \"*\",\n      \"Condition\": {\n        \"Bool\": {\n          \"aws:SecureTransport\": \"false\"\n        }\n      }\n    },\n    {\n      \"Sid\": \"DenyReadRoleGetBucketPolicyForGate3WI9\",\n      \"Effect\": \"Deny\",\n      \"Action\": \"s3:GetBucketPolicy\",\n      \"Resource\": \"arn:aws:s3:::security-autopilot-w6-envready-s315-exec-696505809372\",\n      \"Principal\": {\n        \"AWS\": \"arn:aws:iam::696505809372:role/SecurityAutopilotReadRole\"\n      }\n    },\n    {\n      \"Sid\": \"AllowCloudFrontReadOnly\",\n      \"Effect\": \"Allow\",\n      \"Action\": \"s3:GetObject\",\n      \"Resource\": \"arn:aws:s3:::security-autopilot-w6-envready-s315-exec-696505809372/*\",\n      \"Principal\": {\n        \"Service\": \"cloudfront.amazonaws.com\"\n      },\n      \"Condition\": {\n        \"StringEquals\": {\n          \"AWS:SourceArn\": \"arn:aws:cloudfront::696505809372:distribution/E92C5MQW0HX32\"\n        }\n      }\n    }\n  ]\n}",
            "minified_json": "{\"Version\":\"2012-10-17\",\"Statement\":[{\"Sid\":\"AllowImportRoleBucketReadinessChecks\",\"Effect\":\"Allow\",\"Action\":[\"s3:ListBucket\",\"s3:GetBucketAcl\",\"s3:GetBucketLocation\",\"s3:GetBucketLogging\",\"s3:GetBucketPolicy\",\"s3:GetBucketPolicyStatus\",\"s3:GetBucketWebsite\",\"s3:GetLifecycleConfiguration\",\"s3:GetEncryptionConfiguration\"],\"Resource\":\"arn:aws:s3:::security-autopilot-w6-envready-s315-exec-696505809372\",\"Principal\":{\"AWS\":\"arn:aws:iam::696505809372:role/CodexP2SecurityHubImportRole\"}},{\"Sid\":\"DenyInsecureTransport\",\"Effect\":\"Deny\",\"Action\":\"s3:*\",\"Resource\":[\"arn:aws:s3:::security-autopilot-w6-envready-s315-exec-696505809372/*\",\"arn:aws:s3:::security-autopilot-w6-envready-s315-exec-696505809372\"],\"Principal\":\"*\",\"Condition\":{\"Bool\":{\"aws:SecureTransport\":\"false\"}}},{\"Sid\":\"DenyReadRoleGetBucketPolicyForGate3WI9\",\"Effect\":\"Deny\",\"Action\":\"s3:GetBucketPolicy\",\"Resource\":\"arn:aws:s3:::security-autopilot-w6-envready-s315-exec-696505809372\",\"Principal\":{\"AWS\":\"arn:aws:iam::696505809372:role/SecurityAutopilotReadRole\"}},{\"Sid\":\"AllowCloudFrontReadOnly\",\"Effect\":\"Allow\",\"Action\":\"s3:GetObject\",\"Resource\":\"arn:aws:s3:::security-autopilot-w6-envready-s315-exec-696505809372/*\",\"Principal\":{\"Service\":\"cloudfront.amazonaws.com\"},\"Condition\":{\"StringEquals\":{\"AWS:SourceArn\":\"arn:aws:cloudfront::696505809372:distribution/E92C5MQW0HX32\"}}}]}",
            "override_json": null,
            "override_policy_documents": null,
            "policy_id": null,
            "source_json": null,
            "source_policy_documents": [
              "{\"Statement\":[{\"Action\":[\"s3:ListBucket\",\"s3:GetBucketAcl\",\"s3:GetBucketLocation\",\"s3:GetBucketLogging\",\"s3:GetBucketPolicy\",\"s3:GetBucketPolicyStatus\",\"s3:GetBucketWebsite\",\"s3:GetLifecycleConfiguration\",\"s3:GetEncryptionConfiguration\"],\"Effect\":\"Allow\",\"Principal\":{\"AWS\":\"arn:aws:iam::696505809372:role/CodexP2SecurityHubImportRole\"},\"Resource\":\"arn:aws:s3:::security-autopilot-w6-envready-s315-exec-696505809372\",\"Sid\":\"AllowImportRoleBucketReadinessChecks\"},{\"Action\":\"s3:*\",\"Condition\":{\"Bool\":{\"aws:SecureTransport\":\"false\"}},\"Effect\":\"Deny\",\"Principal\":\"*\",\"Resource\":[\"arn:aws:s3:::security-autopilot-w6-envready-s315-exec-696505809372/*\",\"arn:aws:s3:::security-autopilot-w6-envready-s315-exec-696505809372\"],\"Sid\":\"DenyInsecureTransport\"},{\"Action\":\"s3:GetBucketPolicy\",\"Effect\":\"Deny\",\"Principal\":{\"AWS\":\"arn:aws:iam::696505809372:role/SecurityAutopilotReadRole\"},\"Resource\":\"arn:aws:s3:::security-autopilot-w6-envready-s315-exec-696505809372\",\"Sid\":\"DenyReadRoleGetBucketPolicyForGate3WI9\"}],\"Version\":\"2012-10-17\"}"
            ],
            "statement": [
              {
                "actions": [
                  "s3:GetObject"
                ],
                "condition": [
                  {
                    "test": "StringEquals",
                    "values": [
                      "arn:aws:cloudfront::696505809372:distribution/E92C5MQW0HX32"
                    ],
                    "variable": "AWS:SourceArn"
                  }
                ],
                "effect": "Allow",
                "not_actions": [],
                "not_principals": [],
                "not_resources": [],
                "principals": [
                  {
                    "identifiers": [
                      "cloudfront.amazonaws.com"
                    ],
                    "type": "Service"
                  }
                ],
                "resources": [
                  "arn:aws:s3:::security-autopilot-w6-envready-s315-exec-696505809372/*"
                ],
                "sid": "AllowCloudFrontReadOnly"
              }
            ],
            "version": "2012-10-17"
          },
          "sensitive_attributes": [],
          "identity_schema_version": 0
        }
      ]
    },
    {
      "mode": "data",
      "type": "aws_s3_bucket",
      "name": "target",
      "provider": "provider[\"registry.terraform.io/hashicorp/aws\"]",
      "instances": [
        {
          "schema_version": 0,
          "attributes": {
            "arn": "arn:aws:s3:::security-autopilot-w6-envready-s315-exec-696505809372",
            "bucket": "security-autopilot-w6-envready-s315-exec-696505809372",
            "bucket_domain_name": "security-autopilot-w6-envready-s315-exec-696505809372.s3.amazonaws.com",
            "bucket_regional_domain_name": "security-autopilot-w6-envready-s315-exec-696505809372.s3.eu-north-1.amazonaws.com",
            "hosted_zone_id": "Z3BAZG2TWCNX0D",
            "id": "security-autopilot-w6-envready-s315-exec-696505809372",
            "region": "eu-north-1",
            "website_domain": null,
            "website_endpoint": null
          },
          "sensitive_attributes": [],
          "identity_schema_version": 0
        }
      ]
    },
    {
      "mode": "data",
      "type": "aws_s3_bucket_policy",
      "name": "existing",
      "provider": "provider[\"registry.terraform.io/hashicorp/aws\"]",
      "instances": [
        {
          "schema_version": 0,
          "attributes": {
            "bucket": "security-autopilot-w6-envready-s315-exec-696505809372",
            "id": "security-autopilot-w6-envready-s315-exec-696505809372",
            "policy": "{\"Statement\":[{\"Action\":[\"s3:ListBucket\",\"s3:GetBucketAcl\",\"s3:GetBucketLocation\",\"s3:GetBucketLogging\",\"s3:GetBucketPolicy\",\"s3:GetBucketPolicyStatus\",\"s3:GetBucketWebsite\",\"s3:GetLifecycleConfiguration\",\"s3:GetEncryptionConfiguration\"],\"Effect\":\"Allow\",\"Principal\":{\"AWS\":\"arn:aws:iam::696505809372:role/CodexP2SecurityHubImportRole\"},\"Resource\":\"arn:aws:s3:::security-autopilot-w6-envready-s315-exec-696505809372\",\"Sid\":\"AllowImportRoleBucketReadinessChecks\"},{\"Action\":\"s3:*\",\"Condition\":{\"Bool\":{\"aws:SecureTransport\":\"false\"}},\"Effect\":\"Deny\",\"Principal\":\"*\",\"Resource\":[\"arn:aws:s3:::security-autopilot-w6-envready-s315-exec-696505809372/*\",\"arn:aws:s3:::security-autopilot-w6-envready-s315-exec-696505809372\"],\"Sid\":\"DenyInsecureTransport\"},{\"Action\":\"s3:GetBucketPolicy\",\"Effect\":\"Deny\",\"Principal\":{\"AWS\":\"arn:aws:iam::696505809372:role/SecurityAutopilotReadRole\"},\"Resource\":\"arn:aws:s3:::security-autopilot-w6-envready-s315-exec-696505809372\",\"Sid\":\"DenyReadRoleGetBucketPolicyForGate3WI9\"}],\"Version\":\"2012-10-17\"}"
          },
          "sensitive_attributes": [],
          "identity_schema_version": 0
        }
      ]
    },
    {
      "mode": "managed",
      "type": "aws_cloudfront_distribution",
      "name": "security_autopilot",
      "provider": "provider[\"registry.terraform.io/hashicorp/aws\"]",
      "instances": [
        {
          "schema_version": 1,
          "attributes": {
            "aliases": null,
            "arn": "arn:aws:cloudfront::696505809372:distribution/E92C5MQW0HX32",
            "caller_reference": "terraform-20260329204407319300000001",
            "comment": "Security Autopilot migration for security-autopilot-w6-envready-s315-exec-696505809372",
            "continuous_deployment_policy_id": "",
            "custom_error_response": [],
            "default_cache_behavior": [
              {
                "allowed_methods": [
                  "GET",
                  "HEAD",
                  "OPTIONS"
                ],
                "cache_policy_id": "658327ea-f89d-4fab-a63d-7e88639e58f6",
                "cached_methods": [
                  "GET",
                  "HEAD",
                  "OPTIONS"
                ],
                "compress": true,
                "default_ttl": 0,
                "field_level_encryption_id": "",
                "forwarded_values": [],
                "function_association": [],
                "grpc_config": [
                  {
                    "enabled": false
                  }
                ],
                "lambda_function_association": [],
                "max_ttl": 0,
                "min_ttl": 0,
                "origin_request_policy_id": "88a5eaf4-2fd4-4709-b370-b4c650ea3fcf",
                "realtime_log_config_arn": "",
                "response_headers_policy_id": "",
                "smooth_streaming": false,
                "target_origin_id": "s3-security-autopilot-w6-envready-s315-exec-696505809372",
                "trusted_key_groups": [],
                "trusted_signers": [],
                "viewer_protocol_policy": "redirect-to-https"
              }
            ],
            "default_root_object": "index.html",
            "domain_name": "d2ucx8cl7am51u.cloudfront.net",
            "enabled": true,
            "etag": "E23ZP02F085DFQ",
            "hosted_zone_id": "Z2FDTNDATAQYW2",
            "http_version": "http2",
            "id": "E92C5MQW0HX32",
            "in_progress_validation_batches": 0,
            "is_ipv6_enabled": true,
            "last_modified_time": "2026-03-29 20:44:07.61 +0000 UTC",
            "logging_config": [],
            "ordered_cache_behavior": [],
            "origin": [
              {
                "connection_attempts": 3,
                "connection_timeout": 10,
                "custom_header": [],
                "custom_origin_config": [],
                "domain_name": "security-autopilot-w6-envready-s315-exec-696505809372.s3.eu-north-1.amazonaws.com",
                "origin_access_control_id": "E3T0CG9J8ISSKW",
                "origin_id": "s3-security-autopilot-w6-envready-s315-exec-696505809372",
                "origin_path": "",
                "origin_shield": [],
                "s3_origin_config": [],
                "vpc_origin_config": []
              }
            ],
            "origin_group": [],
            "price_class": "PriceClass_100",
            "restrictions": [
              {
                "geo_restriction": [
                  {
                    "locations": [],
                    "restriction_type": "none"
                  }
                ]
              }
            ],
            "retain_on_delete": false,
            "staging": false,
            "status": "Deployed",
            "tags": null,
            "tags_all": {},
            "trusted_key_groups": [
              {
                "enabled": false,
                "items": []
              }
            ],
            "trusted_signers": [
              {
                "enabled": false,
                "items": []
              }
            ],
            "viewer_certificate": [
              {
                "acm_certificate_arn": "",
                "cloudfront_default_certificate": true,
                "iam_certificate_id": "",
                "minimum_protocol_version": "TLSv1",
                "ssl_support_method": ""
              }
            ],
            "wait_for_deployment": true,
            "web_acl_id": ""
          },
          "sensitive_attributes": [],
          "identity_schema_version": 0,
          "private": "eyJzY2hlbWFfdmVyc2lvbiI6IjEifQ==",
          "dependencies": [
            "aws_cloudfront_origin_access_control.security_autopilot",
            "data.aws_s3_bucket.target"
          ]
        }
      ]
    },
    {
      "mode": "managed",
      "type": "aws_cloudfront_origin_access_control",
      "name": "security_autopilot",
      "provider": "provider[\"registry.terraform.io/hashicorp/aws\"]",
      "instances": [
        {
          "schema_version": 0,
          "attributes": {
            "arn": "arn:aws:cloudfront::696505809372:origin-access-control/E3T0CG9J8ISSKW",
            "description": "OAC for Security Autopilot remediation",
            "etag": "ETVPDKIKX0DER",
            "id": "E3T0CG9J8ISSKW",
            "name": "security-autopilot-oac-054180c6787a",
            "origin_access_control_origin_type": "s3",
            "signing_behavior": "always",
            "signing_protocol": "sigv4"
          },
          "sensitive_attributes": [],
          "identity_schema_version": 0,
          "private": "bnVsbA=="
        }
      ]
    },
    {
      "mode": "managed",
      "type": "aws_s3_bucket_policy",
      "name": "security_autopilot",
      "provider": "provider[\"registry.terraform.io/hashicorp/aws\"]",
      "instances": [
        {
          "schema_version": 0,
          "attributes": {
            "bucket": "security-autopilot-w6-envready-s315-exec-696505809372",
            "id": "security-autopilot-w6-envready-s315-exec-696505809372",
            "policy": "{\"Statement\":[{\"Action\":[\"s3:ListBucket\",\"s3:GetBucketAcl\",\"s3:GetBucketLocation\",\"s3:GetBucketLogging\",\"s3:GetBucketPolicy\",\"s3:GetBucketPolicyStatus\",\"s3:GetBucketWebsite\",\"s3:GetLifecycleConfiguration\",\"s3:GetEncryptionConfiguration\"],\"Effect\":\"Allow\",\"Principal\":{\"AWS\":\"arn:aws:iam::696505809372:role/CodexP2SecurityHubImportRole\"},\"Resource\":\"arn:aws:s3:::security-autopilot-w6-envready-s315-exec-696505809372\",\"Sid\":\"AllowImportRoleBucketReadinessChecks\"},{\"Action\":\"s3:*\",\"Condition\":{\"Bool\":{\"aws:SecureTransport\":\"false\"}},\"Effect\":\"Deny\",\"Principal\":\"*\",\"Resource\":[\"arn:aws:s3:::security-autopilot-w6-envready-s315-exec-696505809372/*\",\"arn:aws:s3:::security-autopilot-w6-envready-s315-exec-696505809372\"],\"Sid\":\"DenyInsecureTransport\"},{\"Action\":\"s3:GetBucketPolicy\",\"Effect\":\"Deny\",\"Principal\":{\"AWS\":\"arn:aws:iam::696505809372:role/SecurityAutopilotReadRole\"},\"Resource\":\"arn:aws:s3:::security-autopilot-w6-envready-s315-exec-696505809372\",\"Sid\":\"DenyReadRoleGetBucketPolicyForGate3WI9\"},{\"Action\":\"s3:GetObject\",\"Condition\":{\"StringEquals\":{\"AWS:SourceArn\":\"arn:aws:cloudfront::696505809372:distribution/E92C5MQW0HX32\"}},\"Effect\":\"Allow\",\"Principal\":{\"Service\":\"cloudfront.amazonaws.com\"},\"Resource\":\"arn:aws:s3:::security-autopilot-w6-envready-s315-exec-696505809372/*\",\"Sid\":\"AllowCloudFrontReadOnly\"}],\"Version\":\"2012-10-17\"}"
          },
          "sensitive_attributes": [],
          "identity_schema_version": 0,
          "private": "bnVsbA==",
          "dependencies": [
            "aws_cloudfront_distribution.security_autopilot",
            "aws_cloudfront_origin_access_control.security_autopilot",
            "data.aws_iam_policy_document.bucket_policy",
            "data.aws_s3_bucket.target",
            "data.aws_s3_bucket_policy.existing"
          ]
        }
      ]
    },
    {
      "mode": "managed",
      "type": "aws_s3_bucket_public_access_block",
      "name": "security_autopilot",
      "provider": "provider[\"registry.terraform.io/hashicorp/aws\"]",
      "instances": [
        {
          "schema_version": 0,
          "attributes": {
            "block_public_acls": true,
            "block_public_policy": true,
            "bucket": "security-autopilot-w6-envready-s315-exec-696505809372",
            "id": "security-autopilot-w6-envready-s315-exec-696505809372",
            "ignore_public_acls": true,
            "restrict_public_buckets": true
          },
          "sensitive_attributes": [],
          "identity_schema_version": 0,
          "private": "bnVsbA==",
          "dependencies": [
            "data.aws_s3_bucket.target"
          ]
        }
      ]
    }
  ],
  "check_results": null
}
