{
  "version": 4,
  "terraform_version": "1.14.4",
  "serial": 1,
  "lineage": "b0daabbc-ff14-675e-ee2a-166c69dd2446",
  "outputs": {},
  "resources": [
    {
      "mode": "managed",
      "type": "aws_s3_bucket_public_access_block",
      "name": "security_autopilot",
      "provider": "provider[\"registry.terraform.io/hashicorp/aws\"]",
      "instances": [
        {
          "schema_version": 0,
          "attributes": {
            "block_public_acls": true,
            "block_public_policy": true,
            "bucket": "security-autopilot-w6-envready-s315-exec-696505809372",
            "id": "security-autopilot-w6-envready-s315-exec-696505809372",
            "ignore_public_acls": true,
            "region": "eu-north-1",
            "restrict_public_buckets": true,
            "skip_destroy": null
          },
          "sensitive_attributes": [],
          "identity_schema_version": 0,
          "identity": {
            "account_id": "696505809372",
            "bucket": "security-autopilot-w6-envready-s315-exec-696505809372",
            "region": "eu-north-1"
          },
          "private": "bnVsbA=="
        }
      ]
    }
  ],
  "check_results": null
}
