{
  "version": 4,
  "terraform_version": "1.14.4",
  "serial": 1,
  "lineage": "5e74f6ed-bdd4-644a-8990-bbcc98da1a2e",
  "outputs": {},
  "resources": [
    {
      "mode": "managed",
      "type": "aws_s3_bucket_logging",
      "name": "security_autopilot",
      "provider": "provider[\"registry.terraform.io/hashicorp/aws\"]",
      "instances": [
        {
          "schema_version": 0,
          "attributes": {
            "bucket": "security-autopilot-w6-envready-config-696505809372",
            "expected_bucket_owner": "",
            "id": "security-autopilot-w6-envready-config-696505809372",
            "region": "eu-north-1",
            "target_bucket": "security-autopilot-w6-envready-accesslogs-696505809372",
            "target_grant": [],
            "target_object_key_format": [],
            "target_prefix": "s3-access-logs/"
          },
          "sensitive_attributes": [],
          "identity_schema_version": 1,
          "identity": {
            "account_id": "696505809372",
            "bucket": "security-autopilot-w6-envready-config-696505809372",
            "region": "eu-north-1"
          },
          "private": "bnVsbA=="
        }
      ]
    }
  ],
  "check_results": null
}
