{
  "version": 4,
  "terraform_version": "1.14.4",
  "serial": 1,
  "lineage": "d0a8a21d-9bc2-63d1-65a3-86e32a6599b6",
  "outputs": {},
  "resources": [
    {
      "mode": "managed",
      "type": "aws_s3_bucket_public_access_block",
      "name": "security_autopilot",
      "provider": "provider[\"registry.terraform.io/hashicorp/aws\"]",
      "instances": [
        {
          "schema_version": 0,
          "attributes": {
            "block_public_acls": true,
            "block_public_policy": true,
            "bucket": "security-autopilot-w6-envready-s315-exec-696505809372",
            "id": "security-autopilot-w6-envready-s315-exec-696505809372",
            "ignore_public_acls": true,
            "restrict_public_buckets": true
          },
          "sensitive_attributes": [],
          "identity_schema_version": 0,
          "private": "bnVsbA=="
        }
      ]
    }
  ],
  "check_results": null
}
